
Microsoft Visual Studio Solution File, Format Version 12.00
# Visual Studio Version 17
VisualStudioVersion = 17.14.36121.58 d17.14
MinimumVisualStudioVersion = 10.0.40219.1
Project("{FAE04EC0-301F-11D3-BF4B-00C04F79EFBC}") = "ExpenseTracker", "ExpenseTracker.csproj", "{398B40CA-1700-431F-AAEC-ABE6B6FE4EC4}"
EndProject
Global
	GlobalSection(SolutionConfigurationPlatforms) = preSolution
		Debug|Any CPU = Debug|Any CPU
		Release|Any CPU = Release|Any CPU
	EndGlobalSection
	GlobalSection(ProjectConfigurationPlatforms) = postSolution
		{398B40CA-1700-431F-AAEC-ABE6B6FE4EC4}.Debug|Any CPU.ActiveCfg = Debug|Any CPU
		{398B40CA-1700-431F-AAEC-ABE6B6FE4EC4}.Debug|Any CPU.Build.0 = Debug|Any CPU
		{398B40CA-1700-431F-AAEC-ABE6B6FE4EC4}.Release|Any CPU.ActiveCfg = Release|Any CPU
		{398B40CA-1700-431F-AAEC-ABE6B6FE4EC4}.Release|Any CPU.Build.0 = Release|Any CPU
	EndGlobalSection
	GlobalSection(SolutionProperties) = preSolution
		HideSolutionNode = FALSE
	EndGlobalSection
	GlobalSection(ExtensibilityGlobals) = postSolution
		SolutionGuid = {589FC796-AAFE-428C-BBB3-02346B6B0F27}
	EndGlobalSection
EndGlobal
